# THIS IS AN AUTOGENERATED FILE. DO NOT EDIT THIS FILE DIRECTLY.
# yarn lockfile v1


turbo-darwin-64@1.1.2:
  version "1.1.2"
  resolved "https://registry.yarnpkg.com/turbo-darwin-64/-/turbo-darwin-64-1.1.2.tgz#b129aaf538821de78d5e2129495c553627174650"
  integrity sha512-rua17HnVvAqAU54gVfiQoH7cfopOqANv+yI6NtxLMD8aFfX2cJ9m8SSvH2v2vCaToNDW6OnTkdqDKQpqIHzbCw==

turbo-darwin-arm64@1.1.2:
  version "1.1.2"
  resolved "https://registry.yarnpkg.com/turbo-darwin-arm64/-/turbo-darwin-arm64-1.1.2.tgz#07a783ad2e3e8af600ae7406cc4062ff56ac0351"
  integrity sha512-otqSQNYDyKg0KqB3NM0BI4oiRPKdJkUE/XBn8dcUS+zeRLrL00XtaM0eSwynZs1tb6zU/Y+SPMSBRygD1TCOnw==

turbo-freebsd-64@1.1.2:
  version "1.1.2"
  resolved "https://registry.yarnpkg.com/turbo-freebsd-64/-/turbo-freebsd-64-1.1.2.tgz#9e22abf04ec2298f205a57b5c9ce14e22844baf3"
  integrity sha512-2nxwVDTAM0DtIQ2i3UOfEsQLF7vp+XZ/b9SKtiHxz710fXvdyuGivYI25axDdcBn8kQ45rnbUnarF1aW8CMGgg==

turbo-freebsd-arm64@1.1.2:
  version "1.1.2"
  resolved "https://registry.yarnpkg.com/turbo-freebsd-arm64/-/turbo-freebsd-arm64-1.1.2.tgz#6095c9012881225a5fdfb55362defa12f24b1f8e"
  integrity sha512-ro1Ah96yzgzyT0BJe1mceAqxPxi0pUwzAvN3IKVpMqi4hYkT3aRbzDCaSxzyC6let2Al/NUsgHnbAv38OF2Xkw==

turbo-linux-32@1.1.2:
  version "1.1.2"
  resolved "https://registry.yarnpkg.com/turbo-linux-32/-/turbo-linux-32-1.1.2.tgz#4726e533d6966172b6bc4a960524ec2eb61adaab"
  integrity sha512-HKBsETxQMVaf/DJwMg7pypPbGA6KEu0gEf9C8o2aPJvwMPBYgNsNaU08Xizuh5xzEQTzpbIWfQyqdNgMV4RG3Q==

turbo-linux-64@1.1.2:
  version "1.1.2"
  resolved "https://registry.yarnpkg.com/turbo-linux-64/-/turbo-linux-64-1.1.2.tgz#dfe7f3a4c91acecdb84ecab330acee06857e568e"
  integrity sha512-IklKsOklcRHIWkTzKg95BQ6jgJ53kLvRMrp8yqzlvZprkWdiyhAgUxrUTTHOOTce2XA3+jdN2+MwixG44uY2vg==

turbo-linux-arm64@1.1.2:
  version "1.1.2"
  resolved "https://registry.yarnpkg.com/turbo-linux-arm64/-/turbo-linux-arm64-1.1.2.tgz#c39b6c50657fa0e82627407c86a5c43f19598e2b"
  integrity sha512-3kS6sk2lOtuBBqkcL+yeGqD1yew4UZ1o7XUcbDD8UPwhF2kAfK7Qs0vTJw4lnO1scjhihkoTrmXM7yozvjf4/w==

turbo-linux-arm@1.1.2:
  version "1.1.2"
  resolved "https://registry.yarnpkg.com/turbo-linux-arm/-/turbo-linux-arm-1.1.2.tgz#2f51f93a3aa144b8ba25d7b0e3c53ea186a0e9dd"
  integrity sha512-CNbaTvRozq7H/5jpy9OZlzJ6BkeEXF+nF2n9dHiUrbAXd3nq84Qt9odcQJmGnexP19YS9w6l3tIHncX4BgwtqA==

turbo-linux-mips64le@1.1.2:
  version "1.1.2"
  resolved "https://registry.yarnpkg.com/turbo-linux-mips64le/-/turbo-linux-mips64le-1.1.2.tgz#f52b7f410ac289d4e539f108679d2324aa5e271e"
  integrity sha512-CDoXVIlW43C6KLgYxe13KkG8h6DswXHxbTVHiZdOwRQ56j46lU+JOVpLoh6wpQGcHvj58VEiypZBRTGVFMeogw==

turbo-linux-ppc64le@1.1.2:
  version "1.1.2"
  resolved "https://registry.yarnpkg.com/turbo-linux-ppc64le/-/turbo-linux-ppc64le-1.1.2.tgz#18d08d3414075d0dcb4be83ca837dda508313996"
  integrity sha512-xPVMHoiOJE/qI63jSOXwYIUFQXLdstxDV6fLnRxvq0QnJNxgTKq+mLUeE8M4LDVh1bdqHLcfk/HmyQ6+X1XVkQ==

turbo-windows-32@1.1.2:
  version "1.1.2"
  resolved "https://registry.yarnpkg.com/turbo-windows-32/-/turbo-windows-32-1.1.2.tgz#96033019094bcb091647d6063c3c9b8e83d0acbe"
  integrity sha512-Gj1yvPE0aMDSOxGVSBaecLnwsVDT1xX8U0dtLrg52TYY2jlaci0atjHKr9nTFuX7z8uwAf6PopwdriGoCeT3ng==

turbo-windows-64@1.1.2:
  version "1.1.2"
  resolved "https://registry.yarnpkg.com/turbo-windows-64/-/turbo-windows-64-1.1.2.tgz#8eb3f77ab7e04b077752ae2204114c82e5c74697"
  integrity sha512-0Ncx/iKhnKrdAU8hJ+8NUcF9jtFr8KoW5mMWfiFzy+mgUbVKbpzWT2eoGR6zJExedQsRvYOejbEX5iihbnj5bA==

turbo@^1.1.2:
  version "1.1.2"
  resolved "https://registry.yarnpkg.com/turbo/-/turbo-1.1.2.tgz#751b9651dc3ebe469898db76afab6405666ad0ff"
  integrity sha512-3ViHKyAkaBKNKwHASTa1zkVT3tVVhQNLrpxBS7LoN+794ouQUYmy6lf0rTqzG3iTZHtIDwC+piZSdTl4XjEVMg==
  optionalDependencies:
    turbo-darwin-64 "1.1.2"
    turbo-darwin-arm64 "1.1.2"
    turbo-freebsd-64 "1.1.2"
    turbo-freebsd-arm64 "1.1.2"
    turbo-linux-32 "1.1.2"
    turbo-linux-64 "1.1.2"
    turbo-linux-arm "1.1.2"
    turbo-linux-arm64 "1.1.2"
    turbo-linux-mips64le "1.1.2"
    turbo-linux-ppc64le "1.1.2"
    turbo-windows-32 "1.1.2"
    turbo-windows-64 "1.1.2"
